<Solution>
  <Folder Name="/Solution Items/">
    <File Path=".github/workflows/tests.yml" />
    <File Path=".gitignore" />
    <File Path="Directory.Build.props" />
    <File Path="Directory.Packages.props" />
  </Folder>
  <Folder Name="/src/">
    <Project Path="MessageBroker.Core/MessageBroker.Core.csproj" />
  </Folder>
  <Folder Name="/tests/">
    <Project Path="MessageBroker.UnitTests/MessageBroker.UnitTests.csproj" />
  </Folder>
</Solution>
